// !$*UTF8*$!
{
	archiveVersion = 1;
	classes = {
	};
	objectVersion = 46;
	objects = {

/* Begin PBXBuildFile section */
		21002F5517467267004B57D3 /* earth.c in Sources */ = {isa = PBXBuildFile; fileRef = 21002F5417467267004B57D3 /* earth.c */; };
		21002F61174672B8004B57D3 /* d_sign.c in Sources */ = {isa = PBXBuildFile; fileRef = 21002F57174672B8004B57D3 /* d_sign.c */; };
		21002F62174672B8004B57D3 /* daxpy.c in Sources */ = {isa = PBXBuildFile; fileRef = 21002F58174672B8004B57D3 /* daxpy.c */; };
		21002F63174672B8004B57D3 /* dcopy.c in Sources */ = {isa = PBXBuildFile; fileRef = 21002F59174672B8004B57D3 /* dcopy.c */; };
		21002F64174672B8004B57D3 /* ddot.c in Sources */ = {isa = PBXBuildFile; fileRef = 21002F5A174672B8004B57D3 /* ddot.c */; };
		21002F65174672B8004B57D3 /* dnrm2.c in Sources */ = {isa = PBXBuildFile; fileRef = 21002F5B174672B8004B57D3 /* dnrm2.c */; };
		21002F66174672B8004B57D3 /* dqrls.c in Sources */ = {isa = PBXBuildFile; fileRef = 21002F5C174672B8004B57D3 /* dqrls.c */; };
		21002F67174672B8004B57D3 /* dqrsl.c in Sources */ = {isa = PBXBuildFile; fileRef = 21002F5D174672B8004B57D3 /* dqrsl.c */; };
		21002F68174672B8004B57D3 /* dscal.c in Sources */ = {isa = PBXBuildFile; fileRef = 21002F5E174672B8004B57D3 /* dscal.c */; };
		21002F69174672B8004B57D3 /* dtrsl.c in Sources */ = {isa = PBXBuildFile; fileRef = 21002F5F174672B8004B57D3 /* dtrsl.c */; };
		21002F6A174672B8004B57D3 /* dqrdc2.c in Sources */ = {isa = PBXBuildFile; fileRef = 21002F60174672B8004B57D3 /* dqrdc2.c */; };
		21C6309B1747ACC30031D08F /* earthmex.c in Sources */ = {isa = PBXBuildFile; fileRef = 21C6309A1747ACC30031D08F /* earthmex.c */; };
/* End PBXBuildFile section */

/* Begin PBXFileReference section */
		21002F4C174670D6004B57D3 /* mex.xcconfig */ = {isa = PBXFileReference; fileEncoding = 4; lastKnownFileType = text.xcconfig; path = mex.xcconfig; sourceTree = "<group>"; };
		21002F521746718F004B57D3 /* earthmex.mexmaci64 */ = {isa = PBXFileReference; explicitFileType = "compiled.mach-o.dylib"; includeInIndex = 0; path = earthmex.mexmaci64; sourceTree = BUILT_PRODUCTS_DIR; };
		21002F5317467267004B57D3 /* earth.h */ = {isa = PBXFileReference; fileEncoding = 4; lastKnownFileType = sourcecode.c.h; name = earth.h; path = ../src/earth.h; sourceTree = "<group>"; };
		21002F5417467267004B57D3 /* earth.c */ = {isa = PBXFileReference; fileEncoding = 4; lastKnownFileType = sourcecode.c.c; name = earth.c; path = ../src/earth.c; sourceTree = "<group>"; };
		21002F56174672B8004B57D3 /* f2c.h */ = {isa = PBXFileReference; fileEncoding = 4; lastKnownFileType = sourcecode.c.h; name = f2c.h; path = ../src/blas/f2c.h; sourceTree = "<group>"; };
		21002F57174672B8004B57D3 /* d_sign.c */ = {isa = PBXFileReference; fileEncoding = 4; lastKnownFileType = sourcecode.c.c; name = d_sign.c; path = ../src/blas/d_sign.c; sourceTree = "<group>"; };
		21002F58174672B8004B57D3 /* daxpy.c */ = {isa = PBXFileReference; fileEncoding = 4; lastKnownFileType = sourcecode.c.c; name = daxpy.c; path = ../src/blas/daxpy.c; sourceTree = "<group>"; };
		21002F59174672B8004B57D3 /* dcopy.c */ = {isa = PBXFileReference; fileEncoding = 4; lastKnownFileType = sourcecode.c.c; name = dcopy.c; path = ../src/blas/dcopy.c; sourceTree = "<group>"; };
		21002F5A174672B8004B57D3 /* ddot.c */ = {isa = PBXFileReference; fileEncoding = 4; lastKnownFileType = sourcecode.c.c; name = ddot.c; path = ../src/blas/ddot.c; sourceTree = "<group>"; };
		21002F5B174672B8004B57D3 /* dnrm2.c */ = {isa = PBXFileReference; fileEncoding = 4; lastKnownFileType = sourcecode.c.c; name = dnrm2.c; path = ../src/blas/dnrm2.c; sourceTree = "<group>"; };
		21002F5C174672B8004B57D3 /* dqrls.c */ = {isa = PBXFileReference; fileEncoding = 4; lastKnownFileType = sourcecode.c.c; name = dqrls.c; path = ../src/blas/dqrls.c; sourceTree = "<group>"; };
		21002F5D174672B8004B57D3 /* dqrsl.c */ = {isa = PBXFileReference; fileEncoding = 4; lastKnownFileType = sourcecode.c.c; name = dqrsl.c; path = ../src/blas/dqrsl.c; sourceTree = "<group>"; };
		21002F5E174672B8004B57D3 /* dscal.c */ = {isa = PBXFileReference; fileEncoding = 4; lastKnownFileType = sourcecode.c.c; name = dscal.c; path = ../src/blas/dscal.c; sourceTree = "<group>"; };
		21002F5F174672B8004B57D3 /* dtrsl.c */ = {isa = PBXFileReference; fileEncoding = 4; lastKnownFileType = sourcecode.c.c; name = dtrsl.c; path = ../src/blas/dtrsl.c; sourceTree = "<group>"; };
		21002F60174672B8004B57D3 /* dqrdc2.c */ = {isa = PBXFileReference; fileEncoding = 4; lastKnownFileType = sourcecode.c.c; name = dqrdc2.c; path = ../src/R/dqrdc2.c; sourceTree = "<group>"; };
		21C6309A1747ACC30031D08F /* earthmex.c */ = {isa = PBXFileReference; fileEncoding = 4; lastKnownFileType = sourcecode.c.c; path = earthmex.c; sourceTree = "<group>"; };
/* End PBXFileReference section */

/* Begin PBXGroup section */
		21002F3C17467069004B57D3 = {
			isa = PBXGroup;
			children = (
				21002F4C174670D6004B57D3 /* mex.xcconfig */,
				21002F5317467267004B57D3 /* earth.h */,
				21002F5417467267004B57D3 /* earth.c */,
				21C6309A1747ACC30031D08F /* earthmex.c */,
				21002F56174672B8004B57D3 /* f2c.h */,
				21002F57174672B8004B57D3 /* d_sign.c */,
				21002F58174672B8004B57D3 /* daxpy.c */,
				21002F59174672B8004B57D3 /* dcopy.c */,
				21002F5A174672B8004B57D3 /* ddot.c */,
				21002F5B174672B8004B57D3 /* dnrm2.c */,
				21002F5C174672B8004B57D3 /* dqrls.c */,
				21002F5D174672B8004B57D3 /* dqrsl.c */,
				21002F5E174672B8004B57D3 /* dscal.c */,
				21002F5F174672B8004B57D3 /* dtrsl.c */,
				21002F60174672B8004B57D3 /* dqrdc2.c */,
				21002F4417467069004B57D3 /* Products */,
			);
			sourceTree = "<group>";
		};
		21002F4417467069004B57D3 /* Products */ = {
			isa = PBXGroup;
			children = (
				21002F521746718F004B57D3 /* earthmex.mexmaci64 */,
			);
			name = Products;
			sourceTree = "<group>";
		};
/* End PBXGroup section */

/* Begin PBXNativeTarget section */
		21002F4D1746718F004B57D3 /* earthmex */ = {
			isa = PBXNativeTarget;
			buildConfigurationList = 21002F4F1746718F004B57D3 /* Build configuration list for PBXNativeTarget "earthmex" */;
			buildPhases = (
				21002F4E1746718F004B57D3 /* Sources */,
			);
			buildRules = (
			);
			dependencies = (
			);
			name = earthmex;
			productName = matlab;
			productReference = 21002F521746718F004B57D3 /* earthmex.mexmaci64 */;
			productType = "com.apple.product-type.library.dynamic";
		};
/* End PBXNativeTarget section */

/* Begin PBXProject section */
		21002F3D17467069004B57D3 /* Project object */ = {
			isa = PBXProject;
			attributes = {
				LastUpgradeCheck = 0460;
			};
			buildConfigurationList = 21002F4017467069004B57D3 /* Build configuration list for PBXProject "matlab" */;
			compatibilityVersion = "Xcode 3.2";
			developmentRegion = English;
			hasScannedForEncodings = 0;
			knownRegions = (
				en,
			);
			mainGroup = 21002F3C17467069004B57D3;
			productRefGroup = 21002F4417467069004B57D3 /* Products */;
			projectDirPath = "";
			projectRoot = "";
			targets = (
				21002F4D1746718F004B57D3 /* earthmex */,
			);
		};
/* End PBXProject section */

/* Begin PBXSourcesBuildPhase section */
		21002F4E1746718F004B57D3 /* Sources */ = {
			isa = PBXSourcesBuildPhase;
			buildActionMask = 2147483647;
			files = (
				21002F5517467267004B57D3 /* earth.c in Sources */,
				21002F61174672B8004B57D3 /* d_sign.c in Sources */,
				21002F62174672B8004B57D3 /* daxpy.c in Sources */,
				21002F63174672B8004B57D3 /* dcopy.c in Sources */,
				21002F64174672B8004B57D3 /* ddot.c in Sources */,
				21002F65174672B8004B57D3 /* dnrm2.c in Sources */,
				21002F66174672B8004B57D3 /* dqrls.c in Sources */,
				21002F67174672B8004B57D3 /* dqrsl.c in Sources */,
				21002F68174672B8004B57D3 /* dscal.c in Sources */,
				21002F69174672B8004B57D3 /* dtrsl.c in Sources */,
				21002F6A174672B8004B57D3 /* dqrdc2.c in Sources */,
				21C6309B1747ACC30031D08F /* earthmex.c in Sources */,
			);
			runOnlyForDeploymentPostprocessing = 0;
		};
/* End PBXSourcesBuildPhase section */

/* Begin XCBuildConfiguration section */
		21002F4717467069004B57D3 /* Debug */ = {
			isa = XCBuildConfiguration;
			baseConfigurationReference = 21002F4C174670D6004B57D3 /* mex.xcconfig */;
			buildSettings = {
				ARCHS = "$(ARCHS_STANDARD_64_BIT)";
				CLANG_CXX_LANGUAGE_STANDARD = "compiler-default";
				CLANG_CXX_LIBRARY = "compiler-default";
				GCC_C_LANGUAGE_STANDARD = gnu99;
				GCC_ENABLE_OBJC_EXCEPTIONS = YES;
				GCC_PREPROCESSOR_DEFINITIONS = (
					STANDALONE,
					MATLAB,
				);
				GCC_VERSION = "";
				GCC_WARN_64_TO_32_BIT_CONVERSION = YES;
				MACOSX_DEPLOYMENT_TARGET = 10.8;
				ONLY_ACTIVE_ARCH = YES;
				SDKROOT = macosx;
			};
			name = Debug;
		};
		21002F4817467069004B57D3 /* Release */ = {
			isa = XCBuildConfiguration;
			baseConfigurationReference = 21002F4C174670D6004B57D3 /* mex.xcconfig */;
			buildSettings = {
				ARCHS = "$(ARCHS_STANDARD_64_BIT)";
				CLANG_CXX_LANGUAGE_STANDARD = "compiler-default";
				CLANG_CXX_LIBRARY = "compiler-default";
				DEBUG_INFORMATION_FORMAT = "dwarf-with-dsym";
				GCC_C_LANGUAGE_STANDARD = gnu99;
				GCC_ENABLE_OBJC_EXCEPTIONS = YES;
				GCC_PREPROCESSOR_DEFINITIONS = (
					STANDALONE,
					MATLAB,
				);
				GCC_VERSION = "";
				GCC_WARN_64_TO_32_BIT_CONVERSION = YES;
				MACOSX_DEPLOYMENT_TARGET = 10.8;
				SDKROOT = macosx;
			};
			name = Release;
		};
		21002F501746718F004B57D3 /* Debug */ = {
			isa = XCBuildConfiguration;
			buildSettings = {
				CONFIGURATION_BUILD_DIR = "$(SYMROOT)";
				DYLIB_COMPATIBILITY_VERSION = "";
				DYLIB_CURRENT_VERSION = "";
				EXECUTABLE_EXTENSION = mexmaci64;
				HEADER_SEARCH_PATHS = "$(MATLABROOT)/extern/include";
				LIBRARY_SEARCH_PATHS = "$(MATLABROOT)/bin/maci64";
				MACH_O_TYPE = mh_bundle;
				OTHER_LDFLAGS = (
					"-lmx",
					"-lmex",
					"-lmat",
				);
				PRODUCT_NAME = earthmex;
				SYMROOT = "$(SRCROOT)";
			};
			name = Debug;
		};
		21002F511746718F004B57D3 /* Release */ = {
			isa = XCBuildConfiguration;
			buildSettings = {
				CONFIGURATION_BUILD_DIR = "$(SYMROOT)";
				DYLIB_COMPATIBILITY_VERSION = "";
				DYLIB_CURRENT_VERSION = "";
				EXECUTABLE_EXTENSION = mexmaci64;
				HEADER_SEARCH_PATHS = "$(MATLABROOT)/extern/include";
				LIBRARY_SEARCH_PATHS = "$(MATLABROOT)/bin/maci64";
				MACH_O_TYPE = mh_bundle;
				OTHER_LDFLAGS = (
					"-lmx",
					"-lmex",
					"-lmat",
				);
				PRODUCT_NAME = earthmex;
				SYMROOT = "$(SRCROOT)";
			};
			name = Release;
		};
/* End XCBuildConfiguration section */

/* Begin XCConfigurationList section */
		21002F4017467069004B57D3 /* Build configuration list for PBXProject "matlab" */ = {
			isa = XCConfigurationList;
			buildConfigurations = (
				21002F4717467069004B57D3 /* Debug */,
				21002F4817467069004B57D3 /* Release */,
			);
			defaultConfigurationIsVisible = 0;
			defaultConfigurationName = Release;
		};
		21002F4F1746718F004B57D3 /* Build configuration list for PBXNativeTarget "earthmex" */ = {
			isa = XCConfigurationList;
			buildConfigurations = (
				21002F501746718F004B57D3 /* Debug */,
				21002F511746718F004B57D3 /* Release */,
			);
			defaultConfigurationIsVisible = 0;
			defaultConfigurationName = Release;
		};
/* End XCConfigurationList section */
	};
	rootObject = 21002F3D17467069004B57D3 /* Project object */;
}
